
Microsoft Visual Studio Solution File, Format Version 12.00
# Visual Studio Version 17
VisualStudioVersion = 17.0.31903.59
MinimumVisualStudioVersion = 10.0.40219.1
Project("{FAE04EC0-301F-11D3-BF4B-00C04F79EFBC}") = "Ivy.Open.Raise", "src\apps\Ivy.Open.Raise\Ivy.Open.Raise.csproj", "{A0431B92-944C-4381-B8E8-5A72F53340AD}"
EndProject
Project("{FAE04EC0-301F-11D3-BF4B-00C04F79EFBC}") = "Ivy.Open.Raise.Deploy", "src\apps\Ivy.Open.Raise.Deploy\Ivy.Open.Raise.Deploy.csproj", "{3DF1DAF9-43D9-45C6-8446-4A1F0288B1AA}"
EndProject
Project("{FAE04EC0-301F-11D3-BF4B-00C04F79EFBC}") = "Ivy", "..\Ivy-Framework\Ivy\Ivy.csproj", "{7F20583D-6A39-45FB-83CA-73693FA86CB9}"
EndProject
Project("{FAE04EC0-301F-11D3-BF4B-00C04F79EFBC}") = "Ivy.Samples.Shared", "..\Ivy-Framework\Ivy.Samples.Shared\Ivy.Samples.Shared.csproj", "{9C17FC1B-1F85-464B-ABFA-6FB567967A95}"
EndProject
Global
	GlobalSection(SolutionConfigurationPlatforms) = preSolution
		Debug|Any CPU = Debug|Any CPU
		Release|Any CPU = Release|Any CPU
	EndGlobalSection
	GlobalSection(SolutionProperties) = preSolution
		HideSolutionNode = FALSE
	EndGlobalSection
	GlobalSection(ProjectConfigurationPlatforms) = postSolution
		{A0431B92-944C-4381-B8E8-5A72F53340AD}.Debug|Any CPU.ActiveCfg = Debug|Any CPU
		{A0431B92-944C-4381-B8E8-5A72F53340AD}.Debug|Any CPU.Build.0 = Debug|Any CPU
		{A0431B92-944C-4381-B8E8-5A72F53340AD}.Release|Any CPU.ActiveCfg = Release|Any CPU
		{A0431B92-944C-4381-B8E8-5A72F53340AD}.Release|Any CPU.Build.0 = Release|Any CPU
		{3DF1DAF9-43D9-45C6-8446-4A1F0288B1AA}.Debug|Any CPU.ActiveCfg = Debug|Any CPU
		{3DF1DAF9-43D9-45C6-8446-4A1F0288B1AA}.Debug|Any CPU.Build.0 = Debug|Any CPU
		{3DF1DAF9-43D9-45C6-8446-4A1F0288B1AA}.Release|Any CPU.ActiveCfg = Release|Any CPU
		{3DF1DAF9-43D9-45C6-8446-4A1F0288B1AA}.Release|Any CPU.Build.0 = Release|Any CPU
		{7F20583D-6A39-45FB-83CA-73693FA86CB9}.Debug|Any CPU.ActiveCfg = Debug|Any CPU
		{7F20583D-6A39-45FB-83CA-73693FA86CB9}.Debug|Any CPU.Build.0 = Debug|Any CPU
		{7F20583D-6A39-45FB-83CA-73693FA86CB9}.Release|Any CPU.ActiveCfg = Release|Any CPU
		{7F20583D-6A39-45FB-83CA-73693FA86CB9}.Release|Any CPU.Build.0 = Release|Any CPU
		{9C17FC1B-1F85-464B-ABFA-6FB567967A95}.Debug|Any CPU.ActiveCfg = Debug|Any CPU
		{9C17FC1B-1F85-464B-ABFA-6FB567967A95}.Debug|Any CPU.Build.0 = Debug|Any CPU
		{9C17FC1B-1F85-464B-ABFA-6FB567967A95}.Release|Any CPU.ActiveCfg = Release|Any CPU
		{9C17FC1B-1F85-464B-ABFA-6FB567967A95}.Release|Any CPU.Build.0 = Release|Any CPU
	EndGlobalSection
	GlobalSection(NestedProjects) = preSolution
	EndGlobalSection
EndGlobal
