
Microsoft Visual Studio Solution File, Format Version 12.00
# Visual Studio Version 17
VisualStudioVersion = 17.0.31903.59
MinimumVisualStudioVersion = 10.0.40219.1
Project("{2150E333-8FDC-42A3-9474-1A3956D46DE8}") = "src", "src", "{BAB392B8-7CD4-47A6-BB77-174677F8CF39}"
EndProject
Project("{2150E333-8FDC-42A3-9474-1A3956D46DE8}") = "apps", "apps", "{FACA672D-9749-4FAC-95BF-C4A0B5010793}"
EndProject
Project("{FAE04EC0-301F-11D3-BF4B-00C04F79EFBC}") = "Ivy.Open.Raise", "src\apps\Ivy.Open.Raise\Ivy.Open.Raise.csproj", "{A0431B92-944C-4381-B8E8-5A72F53340AD}"
EndProject
Project("{2150E333-8FDC-42A3-9474-1A3956D46DE8}") = "Ivy.Open.Raise.Deploy", "Ivy.Open.Raise.Deploy", "{41B05405-1480-4660-9275-EEB261BE3785}"
EndProject
Project("{FAE04EC0-301F-11D3-BF4B-00C04F79EFBC}") = "Ivy.Open.Raise.Deploy", "src\apps\Ivy.Open.Raise.Deploy\Ivy.Open.Raise.Deploy\Ivy.Open.Raise.Deploy.csproj", "{3DF1DAF9-43D9-45C6-8446-4A1F0288B1AA}"
EndProject
Global
	GlobalSection(SolutionConfigurationPlatforms) = preSolution
		Debug|Any CPU = Debug|Any CPU
		Release|Any CPU = Release|Any CPU
	EndGlobalSection
	GlobalSection(SolutionProperties) = preSolution
		HideSolutionNode = FALSE
	EndGlobalSection
	GlobalSection(ProjectConfigurationPlatforms) = postSolution
		{A0431B92-944C-4381-B8E8-5A72F53340AD}.Debug|Any CPU.ActiveCfg = Debug|Any CPU
		{A0431B92-944C-4381-B8E8-5A72F53340AD}.Debug|Any CPU.Build.0 = Debug|Any CPU
		{A0431B92-944C-4381-B8E8-5A72F53340AD}.Release|Any CPU.ActiveCfg = Release|Any CPU
		{A0431B92-944C-4381-B8E8-5A72F53340AD}.Release|Any CPU.Build.0 = Release|Any CPU
		{3DF1DAF9-43D9-45C6-8446-4A1F0288B1AA}.Debug|Any CPU.ActiveCfg = Debug|Any CPU
		{3DF1DAF9-43D9-45C6-8446-4A1F0288B1AA}.Debug|Any CPU.Build.0 = Debug|Any CPU
		{3DF1DAF9-43D9-45C6-8446-4A1F0288B1AA}.Release|Any CPU.ActiveCfg = Release|Any CPU
		{3DF1DAF9-43D9-45C6-8446-4A1F0288B1AA}.Release|Any CPU.Build.0 = Release|Any CPU
	EndGlobalSection
	GlobalSection(NestedProjects) = preSolution
		{FACA672D-9749-4FAC-95BF-C4A0B5010793} = {BAB392B8-7CD4-47A6-BB77-174677F8CF39}
		{A0431B92-944C-4381-B8E8-5A72F53340AD} = {FACA672D-9749-4FAC-95BF-C4A0B5010793}
		{41B05405-1480-4660-9275-EEB261BE3785} = {FACA672D-9749-4FAC-95BF-C4A0B5010793}
		{3DF1DAF9-43D9-45C6-8446-4A1F0288B1AA} = {41B05405-1480-4660-9275-EEB261BE3785}
	EndGlobalSection
EndGlobal
